Microsoft Visual Studio Solution File, Format Version 11.00
# Visual Studio 2008

Project("{E0A558CA-A161-6A00-2FEB-6BEB96095930}") = "SceneUnity", "Assembly-CSharp.csproj", "{3780C95B-0435-A03A-E774-6CF9429CD1AA}"
EndProject
Global
	GlobalSection(SolutionConfigurationPlatforms) = preSolution
		Debug|Any CPU = Debug|Any CPU
		Release|Any CPU = Release|Any CPU
	EndGlobalSection
	GlobalSection(ProjectConfigurationPlatforms) = postSolution
		{3780C95B-0435-A03A-E774-6CF9429CD1AA}.Debug|Any CPU.ActiveCfg = Debug|Any CPU
		{3780C95B-0435-A03A-E774-6CF9429CD1AA}.Debug|Any CPU.Build.0 = Debug|Any CPU
		{3780C95B-0435-A03A-E774-6CF9429CD1AA}.Release|Any CPU.ActiveCfg = Release|Any CPU
		{3780C95B-0435-A03A-E774-6CF9429CD1AA}.Release|Any CPU.Build.0 = Release|Any CPU
	EndGlobalSection
	GlobalSection(SolutionProperties) = preSolution
		HideSolutionNode = FALSE
	EndGlobalSection
	GlobalSection(MonoDevelopProperties) = preSolution
		StartupItem = Assembly-CSharp.csproj
	EndGlobalSection
EndGlobal
